
Microsoft Visual Studio Solution File, Format Version 12.00
# Visual Studio 15
VisualStudioVersion = 15.0.26730.8
MinimumVisualStudioVersion = 10.0.40219.1
Project("{FAE04EC0-301F-11D3-BF4B-00C04F79EFBC}") = "MyProject1", "MyProject1\MyProject1.csproj", "{E56A9680-3394-49F4-B15E-EE84202EB385}"
EndProject
Global
	GlobalSection(SolutionConfigurationPlatforms) = preSolution
		Debug|Any CPU = Debug|Any CPU
		Release|Any CPU = Release|Any CPU
	EndGlobalSection
	GlobalSection(ProjectConfigurationPlatforms) = postSolution
		{E56A9680-3394-49F4-B15E-EE84202EB385}.Debug|Any CPU.ActiveCfg = Debug|Any CPU
		{E56A9680-3394-49F4-B15E-EE84202EB385}.Debug|Any CPU.Build.0 = Debug|Any CPU
		{E56A9680-3394-49F4-B15E-EE84202EB385}.Release|Any CPU.ActiveCfg = Release|Any CPU
		{E56A9680-3394-49F4-B15E-EE84202EB385}.Release|Any CPU.Build.0 = Release|Any CPU
	EndGlobalSection
	GlobalSection(SolutionProperties) = preSolution
		HideSolutionNode = FALSE
	EndGlobalSection
	GlobalSection(ExtensibilityGlobals) = postSolution
		SolutionGuid = {36FBE7B9-7AE8-4E15-9268-73AFA81D743B}
	EndGlobalSection
EndGlobal
